
Microsoft Visual Studio Solution File, Format Version 12.00
# Visual Studio Version 16
VisualStudioVersion = 16.0.30001.183
MinimumVisualStudioVersion = 10.0.40219.1
Project("{9A19103F-16F7-4668-BE54-9A1E7A4F7556}") = "EFCoreExample.Entities", "EFCoreExample.Entities\EFCoreExample.Entities.csproj", "{903BC706-58BD-49D9-8149-2DFFDAD9ECF9}"
EndProject
Project("{9A19103F-16F7-4668-BE54-9A1E7A4F7556}") = "EFCoreExample.Server", "EFCoreExample\Server\EFCoreExample.Server.csproj", "{138D5A95-F123-4F1C-B16E-720FB45DF8C6}"
EndProject
Project("{9A19103F-16F7-4668-BE54-9A1E7A4F7556}") = "EFCoreExample.Client", "EFCoreExample\Client\EFCoreExample.Client.csproj", "{50146EF9-3609-4E7A-9DA4-DC56CFFADA02}"
EndProject
Project("{9A19103F-16F7-4668-BE54-9A1E7A4F7556}") = "EFCoreExample.BL.Identity", "EFCoreExample.BL.Identity\EFCoreExample.BL.Identity.csproj", "{C0CBE91A-C7A6-4330-8F44-287563FF8374}"
EndProject
Project("{FAE04EC0-301F-11D3-BF4B-00C04F79EFBC}") = "EFCoreExample.Core", "EFCoreExample.Core\EFCoreExample.Core.csproj", "{0130BF4F-6352-4E33-9326-FA4898294442}"
EndProject
Global
	GlobalSection(SolutionConfigurationPlatforms) = preSolution
		Debug|Any CPU = Debug|Any CPU
		Release|Any CPU = Release|Any CPU
	EndGlobalSection
	GlobalSection(ProjectConfigurationPlatforms) = postSolution
		{903BC706-58BD-49D9-8149-2DFFDAD9ECF9}.Debug|Any CPU.ActiveCfg = Debug|Any CPU
		{903BC706-58BD-49D9-8149-2DFFDAD9ECF9}.Debug|Any CPU.Build.0 = Debug|Any CPU
		{903BC706-58BD-49D9-8149-2DFFDAD9ECF9}.Release|Any CPU.ActiveCfg = Release|Any CPU
		{903BC706-58BD-49D9-8149-2DFFDAD9ECF9}.Release|Any CPU.Build.0 = Release|Any CPU
		{138D5A95-F123-4F1C-B16E-720FB45DF8C6}.Debug|Any CPU.ActiveCfg = Debug|Any CPU
		{138D5A95-F123-4F1C-B16E-720FB45DF8C6}.Debug|Any CPU.Build.0 = Debug|Any CPU
		{138D5A95-F123-4F1C-B16E-720FB45DF8C6}.Release|Any CPU.ActiveCfg = Release|Any CPU
		{138D5A95-F123-4F1C-B16E-720FB45DF8C6}.Release|Any CPU.Build.0 = Release|Any CPU
		{50146EF9-3609-4E7A-9DA4-DC56CFFADA02}.Debug|Any CPU.ActiveCfg = Debug|Any CPU
		{50146EF9-3609-4E7A-9DA4-DC56CFFADA02}.Debug|Any CPU.Build.0 = Debug|Any CPU
		{50146EF9-3609-4E7A-9DA4-DC56CFFADA02}.Release|Any CPU.ActiveCfg = Release|Any CPU
		{50146EF9-3609-4E7A-9DA4-DC56CFFADA02}.Release|Any CPU.Build.0 = Release|Any CPU
		{C0CBE91A-C7A6-4330-8F44-287563FF8374}.Debug|Any CPU.ActiveCfg = Debug|Any CPU
		{C0CBE91A-C7A6-4330-8F44-287563FF8374}.Debug|Any CPU.Build.0 = Debug|Any CPU
		{C0CBE91A-C7A6-4330-8F44-287563FF8374}.Release|Any CPU.ActiveCfg = Release|Any CPU
		{C0CBE91A-C7A6-4330-8F44-287563FF8374}.Release|Any CPU.Build.0 = Release|Any CPU
		{0130BF4F-6352-4E33-9326-FA4898294442}.Debug|Any CPU.ActiveCfg = Debug|Any CPU
		{0130BF4F-6352-4E33-9326-FA4898294442}.Debug|Any CPU.Build.0 = Debug|Any CPU
		{0130BF4F-6352-4E33-9326-FA4898294442}.Release|Any CPU.ActiveCfg = Release|Any CPU
		{0130BF4F-6352-4E33-9326-FA4898294442}.Release|Any CPU.Build.0 = Release|Any CPU
	EndGlobalSection
	GlobalSection(SolutionProperties) = preSolution
		HideSolutionNode = FALSE
	EndGlobalSection
	GlobalSection(ExtensibilityGlobals) = postSolution
		SolutionGuid = {592064BA-7A45-4DBE-8790-67055BD97F71}
	EndGlobalSection
EndGlobal
